
Microsoft Visual Studio Solution File, Format Version 12.00
# Visual Studio Version 17
VisualStudioVersion = 17.13.35828.75 d17.13
MinimumVisualStudioVersion = 10.0.40219.1
Project("{FAE04EC0-301F-11D3-BF4B-00C04F79EFBC}") = "Acme_Accounting", "Acme_Accounting\Acme_Accounting.csproj", "{EEB720BF-B6F7-40C6-929C-E9C9FCEA3C61}"
EndProject
Global
	GlobalSection(SolutionConfigurationPlatforms) = preSolution
		Debug|Any CPU = Debug|Any CPU
		Release|Any CPU = Release|Any CPU
	EndGlobalSection
	GlobalSection(ProjectConfigurationPlatforms) = postSolution
		{EEB720BF-B6F7-40C6-929C-E9C9FCEA3C61}.Debug|Any CPU.ActiveCfg = Debug|Any CPU
		{EEB720BF-B6F7-40C6-929C-E9C9FCEA3C61}.Debug|Any CPU.Build.0 = Debug|Any CPU
		{EEB720BF-B6F7-40C6-929C-E9C9FCEA3C61}.Release|Any CPU.ActiveCfg = Release|Any CPU
		{EEB720BF-B6F7-40C6-929C-E9C9FCEA3C61}.Release|Any CPU.Build.0 = Release|Any CPU
	EndGlobalSection
	GlobalSection(SolutionProperties) = preSolution
		HideSolutionNode = FALSE
	EndGlobalSection
	GlobalSection(ExtensibilityGlobals) = postSolution
		SolutionGuid = {AC1DFA58-319B-48CC-90AF-57A1C43F0F9F}
	EndGlobalSection
EndGlobal
