
Microsoft Visual Studio Solution File, Format Version 12.00
# Visual Studio Version 17
VisualStudioVersion = 17.13.35828.75 d17.13
MinimumVisualStudioVersion = 10.0.40219.1
Project("{FAE04EC0-301F-11D3-BF4B-00C04F79EFBC}") = "Method_Assignment", "Method_Assignment\Method_Assignment.csproj", "{00E6279F-B329-4D5A-BB6F-0BF771BD11EC}"
EndProject
Global
	GlobalSection(SolutionConfigurationPlatforms) = preSolution
		Debug|Any CPU = Debug|Any CPU
		Release|Any CPU = Release|Any CPU
	EndGlobalSection
	GlobalSection(ProjectConfigurationPlatforms) = postSolution
		{00E6279F-B329-4D5A-BB6F-0BF771BD11EC}.Debug|Any CPU.ActiveCfg = Debug|Any CPU
		{00E6279F-B329-4D5A-BB6F-0BF771BD11EC}.Debug|Any CPU.Build.0 = Debug|Any CPU
		{00E6279F-B329-4D5A-BB6F-0BF771BD11EC}.Release|Any CPU.ActiveCfg = Release|Any CPU
		{00E6279F-B329-4D5A-BB6F-0BF771BD11EC}.Release|Any CPU.Build.0 = Release|Any CPU
	EndGlobalSection
	GlobalSection(SolutionProperties) = preSolution
		HideSolutionNode = FALSE
	EndGlobalSection
	GlobalSection(ExtensibilityGlobals) = postSolution
		SolutionGuid = {987EA774-0097-4154-BE05-93E980F72BCE}
	EndGlobalSection
EndGlobal
