
Microsoft Visual Studio Solution File, Format Version 12.00
# Visual Studio Version 17
VisualStudioVersion = 17.13.35828.75 d17.13
MinimumVisualStudioVersion = 10.0.40219.1
Project("{FAE04EC0-301F-11D3-BF4B-00C04F79EFBC}") = "IntroBranching", "IntroBranching\IntroBranching.csproj", "{AB11D09E-C8E0-4D67-8430-9437CE39CD1B}"
EndProject
Global
	GlobalSection(SolutionConfigurationPlatforms) = preSolution
		Debug|Any CPU = Debug|Any CPU
		Release|Any CPU = Release|Any CPU
	EndGlobalSection
	GlobalSection(ProjectConfigurationPlatforms) = postSolution
		{AB11D09E-C8E0-4D67-8430-9437CE39CD1B}.Debug|Any CPU.ActiveCfg = Debug|Any CPU
		{AB11D09E-C8E0-4D67-8430-9437CE39CD1B}.Debug|Any CPU.Build.0 = Debug|Any CPU
		{AB11D09E-C8E0-4D67-8430-9437CE39CD1B}.Release|Any CPU.ActiveCfg = Release|Any CPU
		{AB11D09E-C8E0-4D67-8430-9437CE39CD1B}.Release|Any CPU.Build.0 = Release|Any CPU
	EndGlobalSection
	GlobalSection(SolutionProperties) = preSolution
		HideSolutionNode = FALSE
	EndGlobalSection
	GlobalSection(ExtensibilityGlobals) = postSolution
		SolutionGuid = {E23BAF62-3A91-481C-889F-558F80948E3A}
	EndGlobalSection
EndGlobal
