
Microsoft Visual Studio Solution File, Format Version 12.00
# Visual Studio Version 17
VisualStudioVersion = 17.13.35828.75 d17.13
MinimumVisualStudioVersion = 10.0.40219.1
Project("{FAE04EC0-301F-11D3-BF4B-00C04F79EFBC}") = "Try_Catch_Assignment", "Try_Catch_Assignment\Try_Catch_Assignment.csproj", "{46AF86C9-BED8-4006-8A03-893BAEEF2647}"
EndProject
Global
	GlobalSection(SolutionConfigurationPlatforms) = preSolution
		Debug|Any CPU = Debug|Any CPU
		Release|Any CPU = Release|Any CPU
	EndGlobalSection
	GlobalSection(ProjectConfigurationPlatforms) = postSolution
		{46AF86C9-BED8-4006-8A03-893BAEEF2647}.Debug|Any CPU.ActiveCfg = Debug|Any CPU
		{46AF86C9-BED8-4006-8A03-893BAEEF2647}.Debug|Any CPU.Build.0 = Debug|Any CPU
		{46AF86C9-BED8-4006-8A03-893BAEEF2647}.Release|Any CPU.ActiveCfg = Release|Any CPU
		{46AF86C9-BED8-4006-8A03-893BAEEF2647}.Release|Any CPU.Build.0 = Release|Any CPU
	EndGlobalSection
	GlobalSection(SolutionProperties) = preSolution
		HideSolutionNode = FALSE
	EndGlobalSection
	GlobalSection(ExtensibilityGlobals) = postSolution
		SolutionGuid = {654C0647-8A1F-4720-BDBD-B0E0CD152BDA}
	EndGlobalSection
EndGlobal
