
Microsoft Visual Studio Solution File, Format Version 12.00
# Visual Studio Version 17
VisualStudioVersion = 17.13.35828.75 d17.13
MinimumVisualStudioVersion = 10.0.40219.1
Project("{FAE04EC0-301F-11D3-BF4B-00C04F79EFBC}") = "INPUT_ASSIGNMENT", "INPUT_ASSIGNMENT\INPUT_ASSIGNMENT.csproj", "{F883A3FD-DA03-4B6E-97E0-599CB307BD51}"
EndProject
Global
	GlobalSection(SolutionConfigurationPlatforms) = preSolution
		Debug|Any CPU = Debug|Any CPU
		Release|Any CPU = Release|Any CPU
	EndGlobalSection
	GlobalSection(ProjectConfigurationPlatforms) = postSolution
		{F883A3FD-DA03-4B6E-97E0-599CB307BD51}.Debug|Any CPU.ActiveCfg = Debug|Any CPU
		{F883A3FD-DA03-4B6E-97E0-599CB307BD51}.Debug|Any CPU.Build.0 = Debug|Any CPU
		{F883A3FD-DA03-4B6E-97E0-599CB307BD51}.Release|Any CPU.ActiveCfg = Release|Any CPU
		{F883A3FD-DA03-4B6E-97E0-599CB307BD51}.Release|Any CPU.Build.0 = Release|Any CPU
	EndGlobalSection
	GlobalSection(SolutionProperties) = preSolution
		HideSolutionNode = FALSE
	EndGlobalSection
	GlobalSection(ExtensibilityGlobals) = postSolution
		SolutionGuid = {D5CBF4B7-92EC-44B0-9B35-FDB0EABE5592}
	EndGlobalSection
EndGlobal
