
Microsoft Visual Studio Solution File, Format Version 12.00
# Visual Studio Version 17
VisualStudioVersion = 17.13.35828.75 d17.13
MinimumVisualStudioVersion = 10.0.40219.1
Project("{FAE04EC0-301F-11D3-BF4B-00C04F79EFBC}") = "Scores_2", "Scores_2\Scores_2.csproj", "{B4F84CCD-81A0-4E14-B6C9-FA32DCFA693D}"
EndProject
Global
	GlobalSection(SolutionConfigurationPlatforms) = preSolution
		Debug|Any CPU = Debug|Any CPU
		Release|Any CPU = Release|Any CPU
	EndGlobalSection
	GlobalSection(ProjectConfigurationPlatforms) = postSolution
		{B4F84CCD-81A0-4E14-B6C9-FA32DCFA693D}.Debug|Any CPU.ActiveCfg = Debug|Any CPU
		{B4F84CCD-81A0-4E14-B6C9-FA32DCFA693D}.Debug|Any CPU.Build.0 = Debug|Any CPU
		{B4F84CCD-81A0-4E14-B6C9-FA32DCFA693D}.Release|Any CPU.ActiveCfg = Release|Any CPU
		{B4F84CCD-81A0-4E14-B6C9-FA32DCFA693D}.Release|Any CPU.Build.0 = Release|Any CPU
	EndGlobalSection
	GlobalSection(SolutionProperties) = preSolution
		HideSolutionNode = FALSE
	EndGlobalSection
	GlobalSection(ExtensibilityGlobals) = postSolution
		SolutionGuid = {28B0B33A-9B0B-4C65-B3B1-3F1E99174B68}
	EndGlobalSection
EndGlobal
