
Microsoft Visual Studio Solution File, Format Version 12.00
# Visual Studio Version 17
VisualStudioVersion = 17.13.35828.75 d17.13
MinimumVisualStudioVersion = 10.0.40219.1
Project("{FAE04EC0-301F-11D3-BF4B-00C04F79EFBC}") = "BooleanLogic", "BooleanLogic\BooleanLogic.csproj", "{2BA68FA6-AAB2-4ED7-ADCF-9AFA7113C5E9}"
EndProject
Global
	GlobalSection(SolutionConfigurationPlatforms) = preSolution
		Debug|Any CPU = Debug|Any CPU
		Release|Any CPU = Release|Any CPU
	EndGlobalSection
	GlobalSection(ProjectConfigurationPlatforms) = postSolution
		{2BA68FA6-AAB2-4ED7-ADCF-9AFA7113C5E9}.Debug|Any CPU.ActiveCfg = Debug|Any CPU
		{2BA68FA6-AAB2-4ED7-ADCF-9AFA7113C5E9}.Debug|Any CPU.Build.0 = Debug|Any CPU
		{2BA68FA6-AAB2-4ED7-ADCF-9AFA7113C5E9}.Release|Any CPU.ActiveCfg = Release|Any CPU
		{2BA68FA6-AAB2-4ED7-ADCF-9AFA7113C5E9}.Release|Any CPU.Build.0 = Release|Any CPU
	EndGlobalSection
	GlobalSection(SolutionProperties) = preSolution
		HideSolutionNode = FALSE
	EndGlobalSection
	GlobalSection(ExtensibilityGlobals) = postSolution
		SolutionGuid = {5352E0C3-FF0E-4DFE-BC75-420EBC0D285A}
	EndGlobalSection
EndGlobal
