
Microsoft Visual Studio Solution File, Format Version 12.00
# Visual Studio Version 17
VisualStudioVersion = 17.13.35828.75 d17.13
MinimumVisualStudioVersion = 10.0.40219.1
Project("{FAE04EC0-301F-11D3-BF4B-00C04F79EFBC}") = "StringFunctions", "StringFunctions\StringFunctions.csproj", "{0DDA8D60-5028-41DE-82E8-4E9F5009E07D}"
EndProject
Global
	GlobalSection(SolutionConfigurationPlatforms) = preSolution
		Debug|Any CPU = Debug|Any CPU
		Release|Any CPU = Release|Any CPU
	EndGlobalSection
	GlobalSection(ProjectConfigurationPlatforms) = postSolution
		{0DDA8D60-5028-41DE-82E8-4E9F5009E07D}.Debug|Any CPU.ActiveCfg = Debug|Any CPU
		{0DDA8D60-5028-41DE-82E8-4E9F5009E07D}.Debug|Any CPU.Build.0 = Debug|Any CPU
		{0DDA8D60-5028-41DE-82E8-4E9F5009E07D}.Release|Any CPU.ActiveCfg = Release|Any CPU
		{0DDA8D60-5028-41DE-82E8-4E9F5009E07D}.Release|Any CPU.Build.0 = Release|Any CPU
	EndGlobalSection
	GlobalSection(SolutionProperties) = preSolution
		HideSolutionNode = FALSE
	EndGlobalSection
	GlobalSection(ExtensibilityGlobals) = postSolution
		SolutionGuid = {42301067-432A-4CED-8779-72C17D38A52A}
	EndGlobalSection
EndGlobal
